{
  "name": "gitnexus-claude-canary-runtime",
  "version": "0.0.0",
  "lockfileVersion": 3,
  "requires": true,
  "packages": {
    "": {
      "name": "gitnexus-claude-canary-runtime",
      "version": "0.0.0",
      "dependencies": {
        "@anthropic-ai/claude-code": "2.1.214"
      },
      "engines": {
        "node": "22.18.0"
      }
    },
    "node_modules/@anthropic-ai/claude-code": {
      "version": "2.1.214",
      "resolved": "https://registry.npmjs.org/@anthropic-ai/claude-code/-/claude-code-2.1.214.tgz",
      "integrity": "sha512-Gf8XbPHBacVqBlxx8sMnKWPEU6AvRNUcjD0FS6zhD44fCgCHcpbpxwSoTbHlLTqKsr/0S7wdfhjjOIq8WlYbng==",
      "hasInstallScript": true,
      "license": "SEE LICENSE IN README.md",
      "bin": {
        "claude": "bin/claude.exe"
      },
      "engines": {
        "node": ">=22.0.0"
      },
      "optionalDependencies": {
        "@anthropic-ai/claude-code-darwin-arm64": "2.1.214",
        "@anthropic-ai/claude-code-darwin-x64": "2.1.214",
        "@anthropic-ai/claude-code-linux-arm64": "2.1.214",
        "@anthropic-ai/claude-code-linux-arm64-musl": "2.1.214",
        "@anthropic-ai/claude-code-linux-x64": "2.1.214",
        "@anthropic-ai/claude-code-linux-x64-musl": "2.1.214",
        "@anthropic-ai/claude-code-win32-arm64": "2.1.214",
        "@anthropic-ai/claude-code-win32-x64": "2.1.214"
      }
    },
    "node_modules/@anthropic-ai/claude-code-darwin-arm64": {
      "version": "2.1.214",
      "resolved": "https://registry.npmjs.org/@anthropic-ai/claude-code-darwin-arm64/-/claude-code-darwin-arm64-2.1.214.tgz",
      "integrity": "sha512-z99kjSImARBWdE6lGoCXSi83tbiabtIv7vtFyuwrHD56WZTFSguedBb9F8wlUncEEfUVtqHKa9nCZ55j6spiIA==",
      "cpu": [
        "arm64"
      ],
      "license": "SEE LICENSE IN LICENSE.md",
      "optional": true,
      "os": [
        "darwin"
      ]
    },
    "node_modules/@anthropic-ai/claude-code-darwin-x64": {
      "version": "2.1.214",
      "resolved": "https://registry.npmjs.org/@anthropic-ai/claude-code-darwin-x64/-/claude-code-darwin-x64-2.1.214.tgz",
      "integrity": "sha512-rmETY21bPyPPyPCd4UnOnLLBOyQCSQtIjjBb26dBtqh6mLjA5qZKOMv+Uta+GBzpAWd+nxA8oro28QUVT8CGYw==",
      "cpu": [
        "x64"
      ],
      "license": "SEE LICENSE IN LICENSE.md",
      "optional": true,
      "os": [
        "darwin"
      ]
    },
    "node_modules/@anthropic-ai/claude-code-linux-arm64": {
      "version": "2.1.214",
      "resolved": "https://registry.npmjs.org/@anthropic-ai/claude-code-linux-arm64/-/claude-code-linux-arm64-2.1.214.tgz",
      "integrity": "sha512-WqNC8frNnFfNU6pFUilEk6bRWFjVI//iyZzB4VT4k9jRVJCsF4j2mrpu3AcDHbtVUqiBYsjfGXGjHmXtdhzZNw==",
      "cpu": [
        "arm64"
      ],
      "license": "SEE LICENSE IN LICENSE.md",
      "optional": true,
      "os": [
        "linux"
      ]
    },
    "node_modules/@anthropic-ai/claude-code-linux-arm64-musl": {
      "version": "2.1.214",
      "resolved": "https://registry.npmjs.org/@anthropic-ai/claude-code-linux-arm64-musl/-/claude-code-linux-arm64-musl-2.1.214.tgz",
      "integrity": "sha512-UNWeKtEqB2J8m2Eb33LjhMmghjtLr4zg1b1U09xp9/3f/QQlj1lJdvka2PjtQWzr1zt0rgh6JbKKAgLSiggIrg==",
      "cpu": [
        "arm64"
      ],
      "license": "SEE LICENSE IN LICENSE.md",
      "optional": true,
      "os": [
        "linux"
      ]
    },
    "node_modules/@anthropic-ai/claude-code-linux-x64": {
      "version": "2.1.214",
      "resolved": "https://registry.npmjs.org/@anthropic-ai/claude-code-linux-x64/-/claude-code-linux-x64-2.1.214.tgz",
      "integrity": "sha512-NSQjXX8QjjjYdDlYbPvlse5yQ3UwsmV2vuPNR3eFaXnGVv7ymFHvDSMIkTFRLXQlmPjp+tvAN5fbH3e1C38SOw==",
      "cpu": [
        "x64"
      ],
      "license": "SEE LICENSE IN LICENSE.md",
      "optional": true,
      "os": [
        "linux"
      ]
    },
    "node_modules/@anthropic-ai/claude-code-linux-x64-musl": {
      "version": "2.1.214",
      "resolved": "https://registry.npmjs.org/@anthropic-ai/claude-code-linux-x64-musl/-/claude-code-linux-x64-musl-2.1.214.tgz",
      "integrity": "sha512-mpImiNlou+uQax/ZY8ktacgTbtsP9r7V8vQ5xzD36hTu3U+rKi3IisUPDUfyNs2mxdLq51xt27Oc9+k7ONN/YQ==",
      "cpu": [
        "x64"
      ],
      "license": "SEE LICENSE IN LICENSE.md",
      "optional": true,
      "os": [
        "linux"
      ]
    },
    "node_modules/@anthropic-ai/claude-code-win32-arm64": {
      "version": "2.1.214",
      "resolved": "https://registry.npmjs.org/@anthropic-ai/claude-code-win32-arm64/-/claude-code-win32-arm64-2.1.214.tgz",
      "integrity": "sha512-aSxjth4QhmxDZlK3bLhSs689RSiciK3WNX5ZTVjXfQgIUn9zZ8TaFreV4nHAmIKGh3AM1s30IXABiinTR8MrwA==",
      "cpu": [
        "arm64"
      ],
      "license": "SEE LICENSE IN LICENSE.md",
      "optional": true,
      "os": [
        "win32"
      ]
    },
    "node_modules/@anthropic-ai/claude-code-win32-x64": {
      "version": "2.1.214",
      "resolved": "https://registry.npmjs.org/@anthropic-ai/claude-code-win32-x64/-/claude-code-win32-x64-2.1.214.tgz",
      "integrity": "sha512-iK9gLQSs2+bJuRV2qdrYQ4bj7VVZQKp2+TXzI89WMsxwuot0ZyY59Ei3lJ7bMfeIOAUaRFLqYFq36QMg4Cnddw==",
      "cpu": [
        "x64"
      ],
      "license": "SEE LICENSE IN LICENSE.md",
      "optional": true,
      "os": [
        "win32"
      ]
    }
  }
}
